{
  "name": "photomontage",
  "lockfileVersion": 3,
  "requires": true,
  "packages": {
    "": {
      "dependencies": {
        "lcp": "^1.1.0"
      }
    },
    "node_modules/lcp": {
      "version": "1.1.0",
      "resolved": "https://registry.npmjs.org/lcp/-/lcp-1.1.0.tgz",
      "integrity": "sha512-UkaCSG94ryRKNzn2leyJSVE+vEo5hzctTyHnN8fFX1hAJEHGUNM2GxGVxaBn7IL9izJgiNh2TeIaKZVDVoyJ5Q=="
    }
  }
}
